<?xml version="1.0" encoding="UTF-8" standalone="yes" ?>
<CodeBlocks_project_file>
	<FileVersion major="1" minor="6" />
	<Project>
		<Option title="assembler2.1" />
		<Option pch_mode="2" />
		<Option compiler="gcc" />
		<Build>
			<Target title="Debug">
				<Option output="bin/Debug/assembler2" prefix_auto="1" extension_auto="1" />
				<Option object_output="obj/Debug/" />
				<Option type="1" />
				<Option compiler="gcc" />
				<Compiler>
					<Add option="-g" />
					<Add directory="include" />
				</Compiler>
			</Target>
			<Target title="Release">
				<Option output="bin/Release/assembler2" prefix_auto="1" extension_auto="1" />
				<Option object_output="obj/Release/" />
				<Option type="1" />
				<Option compiler="gcc" />
				<Compiler>
					<Add option="-O2" />
					<Add directory="include" />
				</Compiler>
				<Linker>
					<Add option="-s" />
				</Linker>
			</Target>
		</Build>
		<Compiler>
			<Add option="-Wall" />
			<Add option="-fexceptions" />
		</Compiler>
		<Unit filename="include/FlagBits.h" />
		<Unit filename="include/ObjectProgramHandler.h" />
		<Unit filename="include/Parser.h" />
		<Unit filename="include/Pass2.h" />
		<Unit filename="include/TargetAddress.h" />
		<Unit filename="include/directives.h" />
		<Unit filename="include/operationTable.h" />
		<Unit filename="include/symbolTable.h" />
		<Unit filename="main.cpp" />
		<Unit filename="src/FlagBits.cpp" />
		<Unit filename="src/ObjectProgramHandler.cpp" />
		<Unit filename="src/Parser.cpp" />
		<Unit filename="src/Pass2.cpp" />
		<Unit filename="src/TargetAddress.cpp" />
		<Unit filename="src/directives.cpp" />
		<Unit filename="src/operationTable.cpp" />
		<Unit filename="src/symbolTable.cpp" />
		<Extensions>
			<code_completion />
			<envvars />
			<debugger />
		</Extensions>
	</Project>
</CodeBlocks_project_file>
